
Microsoft Visual Studio Solution File, Format Version 12.00
# Visual Studio Version 17
VisualStudioVersion = 17.13.35806.99
MinimumVisualStudioVersion = 10.0.40219.1
Project("{FAE04EC0-301F-11D3-BF4B-00C04F79EFBC}") = "EmployeeManagement.Backend", "Backend\EmployeeManagement.Backend.csproj", "{C626AD21-5FC6-46FA-B37F-6EB3659ADCCF}"
EndProject
Global
	GlobalSection(SolutionConfigurationPlatforms) = preSolution
		Debug|Any CPU = Debug|Any CPU
		Release|Any CPU = Release|Any CPU
	EndGlobalSection
	GlobalSection(ProjectConfigurationPlatforms) = postSolution
		{C626AD21-5FC6-46FA-B37F-6EB3659ADCCF}.Debug|Any CPU.ActiveCfg = Debug|Any CPU
		{C626AD21-5FC6-46FA-B37F-6EB3659ADCCF}.Debug|Any CPU.Build.0 = Debug|Any CPU
		{C626AD21-5FC6-46FA-B37F-6EB3659ADCCF}.Release|Any CPU.ActiveCfg = Release|Any CPU
		{C626AD21-5FC6-46FA-B37F-6EB3659ADCCF}.Release|Any CPU.Build.0 = Release|Any CPU
	EndGlobalSection
	GlobalSection(SolutionProperties) = preSolution
		HideSolutionNode = FALSE
	EndGlobalSection
	GlobalSection(ExtensibilityGlobals) = postSolution
		SolutionGuid = {DC08C625-9E9E-43A8-AE5D-605F87576FBF}
	EndGlobalSection
EndGlobal
